
Microsoft Visual Studio Solution File, Format Version 11.00
# Visual Studio 2010
Project("{FAE04EC0-301F-11D3-BF4B-00C04F79EFBC}") = "Assembly-CSharp", "Assembly-CSharp.csproj", "{d1c2e407-9264-8ee9-14ae-785f3466611c}"
EndProject
Project("{FAE04EC0-301F-11D3-BF4B-00C04F79EFBC}") = "Assembly-CSharp-Editor", "Assembly-CSharp-Editor.csproj", "{6f6b5341-3dd9-bb21-a534-b4e15825177a}"
EndProject
Global
	GlobalSection(SolutionConfigurationPlatforms) = preSolution
		Debug|Any CPU = Debug|Any CPU
	EndGlobalSection
	GlobalSection(ProjectConfigurationPlatforms) = postSolution
		{d1c2e407-9264-8ee9-14ae-785f3466611c}.Debug|Any CPU.ActiveCfg = Debug|Any CPU
		{d1c2e407-9264-8ee9-14ae-785f3466611c}.Debug|Any CPU.Build.0 = Debug|Any CPU
		{6f6b5341-3dd9-bb21-a534-b4e15825177a}.Debug|Any CPU.ActiveCfg = Debug|Any CPU
		{6f6b5341-3dd9-bb21-a534-b4e15825177a}.Debug|Any CPU.Build.0 = Debug|Any CPU
	EndGlobalSection
	GlobalSection(SolutionProperties) = preSolution
		HideSolutionNode = FALSE
	EndGlobalSection
EndGlobal
